<Solution>
  <Folder Name="/src/">
    <Project Path="src_lib/ZX2SB_0_Common/ZX2SB_0_Common.vbproj" />
    <Project Path="src_lib/ZX2SB_1_Lexer/ZX2SB_1_Lexer.vbproj" />
    <Project Path="src_lib/ZX2SB_1_Normalizador/ZX2SB_1_NormalizadorZX.vbproj" />
    <Project Path="src_lib/ZX2SB_2_Parser/ZX2SB_2_Parser.vbproj" />
    <Project Path="src_lib/ZX2SB_3_Semantic/ZX2SB_3_Semantic.vbproj" />
    <Project Path="src_lib/ZX2SB_4_Generator/ZX2SB_4_Generator.vbproj" />
    <Project Path="src_lib/ZX2SB_5_Renumerador/ZX2SB_5_Renumerador.vbproj" />
    <Project Path="src_lib/ZX2SB_9_Director/ZX2SB.Director.vbproj" />
  </Folder>
</Solution>
